
Microsoft Visual Studio Solution File, Format Version 12.00
# Visual Studio Version 16
VisualStudioVersion = 16.0.29503.13
MinimumVisualStudioVersion = 10.0.40219.1
Project("{8BC9CEB8-8B4A-11D0-8D11-00A0C91BC942}") = "Travail_Pratique_2", "Travail_Pratique_2.vcxproj", "{EE65CCE5-861F-4204-A071-78E1CC27DA4D}"
EndProject
Project("{2150E333-8FDC-42A3-9474-1A3956D46DE8}") = "Solution Items", "Solution Items", "{29193507-C95C-41DF-BEAE-C69CF1A1AFE7}"
	ProjectSection(SolutionItems) = preProject
		principal.cpp = principal.cpp
	EndProjectSection
EndProject
Global
	GlobalSection(SolutionConfigurationPlatforms) = preSolution
		Debug|x64 = Debug|x64
		Debug|x86 = Debug|x86
		Release|x64 = Release|x64
		Release|x86 = Release|x86
	EndGlobalSection
	GlobalSection(ProjectConfigurationPlatforms) = postSolution
		{EE65CCE5-861F-4204-A071-78E1CC27DA4D}.Debug|x64.ActiveCfg = Debug|x64
		{EE65CCE5-861F-4204-A071-78E1CC27DA4D}.Debug|x64.Build.0 = Debug|x64
		{EE65CCE5-861F-4204-A071-78E1CC27DA4D}.Debug|x86.ActiveCfg = Debug|Win32
		{EE65CCE5-861F-4204-A071-78E1CC27DA4D}.Debug|x86.Build.0 = Debug|Win32
		{EE65CCE5-861F-4204-A071-78E1CC27DA4D}.Release|x64.ActiveCfg = Release|x64
		{EE65CCE5-861F-4204-A071-78E1CC27DA4D}.Release|x64.Build.0 = Release|x64
		{EE65CCE5-861F-4204-A071-78E1CC27DA4D}.Release|x86.ActiveCfg = Release|Win32
		{EE65CCE5-861F-4204-A071-78E1CC27DA4D}.Release|x86.Build.0 = Release|Win32
	EndGlobalSection
	GlobalSection(SolutionProperties) = preSolution
		HideSolutionNode = FALSE
	EndGlobalSection
	GlobalSection(ExtensibilityGlobals) = postSolution
		SolutionGuid = {9DE0E39C-C774-4DF8-86ED-6EA64A3FD76D}
	EndGlobalSection
EndGlobal
